
Microsoft Visual Studio Solution File, Format Version 12.00
# Visual Studio Version 16
VisualStudioVersion = 16.0.32630.194
MinimumVisualStudioVersion = 10.0.40219.1
Project("{8BC9CEB8-8B4A-11D0-8D11-00A0C91BC942}") = "Hydra23X10", "Hydra23X10\Hydra23X10.vcxproj", "{904C92E1-5B0F-487D-828E-943BCF1EBB16}"
EndProject
Global
	GlobalSection(SolutionConfigurationPlatforms) = preSolution
		Debug_EngineHR_Hydra|VisualGDB = Debug_EngineHR_Hydra|VisualGDB
		Debug_EngineSR_30M|VisualGDB = Debug_EngineSR_30M|VisualGDB
		Debug_HYDRA_DIAGS|VisualGDB = Debug_HYDRA_DIAGS|VisualGDB
		Debug|VisualGDB = Debug|VisualGDB
		Release_EngineHR_Hydra|VisualGDB = Release_EngineHR_Hydra|VisualGDB
		Release_EngineSR_30M|VisualGDB = Release_EngineSR_30M|VisualGDB
		Release_HYDRA_DIAGS|VisualGDB = Release_HYDRA_DIAGS|VisualGDB
		Release|VisualGDB = Release|VisualGDB
		X10|VisualGDB = X10|VisualGDB
	EndGlobalSection
	GlobalSection(ProjectConfigurationPlatforms) = postSolution
		{904C92E1-5B0F-487D-828E-943BCF1EBB16}.Debug_EngineHR_Hydra|VisualGDB.ActiveCfg = Debug_EngineHR_Hydra|VisualGDB
		{904C92E1-5B0F-487D-828E-943BCF1EBB16}.Debug_EngineHR_Hydra|VisualGDB.Build.0 = Debug_EngineHR_Hydra|VisualGDB
		{904C92E1-5B0F-487D-828E-943BCF1EBB16}.Debug_EngineSR_30M|VisualGDB.ActiveCfg = Debug_EngineSR_30M|VisualGDB
		{904C92E1-5B0F-487D-828E-943BCF1EBB16}.Debug_EngineSR_30M|VisualGDB.Build.0 = Debug_EngineSR_30M|VisualGDB
		{904C92E1-5B0F-487D-828E-943BCF1EBB16}.Debug_HYDRA_DIAGS|VisualGDB.ActiveCfg = Debug_HYDRA_DIAGS|VisualGDB
		{904C92E1-5B0F-487D-828E-943BCF1EBB16}.Debug_HYDRA_DIAGS|VisualGDB.Build.0 = Debug_HYDRA_DIAGS|VisualGDB
		{904C92E1-5B0F-487D-828E-943BCF1EBB16}.Debug|VisualGDB.ActiveCfg = Debug|VisualGDB
		{904C92E1-5B0F-487D-828E-943BCF1EBB16}.Debug|VisualGDB.Build.0 = Debug|VisualGDB
		{904C92E1-5B0F-487D-828E-943BCF1EBB16}.Release_EngineHR_Hydra|VisualGDB.ActiveCfg = Release_EngineHR_Hydra|VisualGDB
		{904C92E1-5B0F-487D-828E-943BCF1EBB16}.Release_EngineHR_Hydra|VisualGDB.Build.0 = Release_EngineHR_Hydra|VisualGDB
		{904C92E1-5B0F-487D-828E-943BCF1EBB16}.Release_EngineSR_30M|VisualGDB.ActiveCfg = Release_EngineSR_30M|VisualGDB
		{904C92E1-5B0F-487D-828E-943BCF1EBB16}.Release_EngineSR_30M|VisualGDB.Build.0 = Release_EngineSR_30M|VisualGDB
		{904C92E1-5B0F-487D-828E-943BCF1EBB16}.Release_HYDRA_DIAGS|VisualGDB.ActiveCfg = Release_HYDRA_DIAGS|VisualGDB
		{904C92E1-5B0F-487D-828E-943BCF1EBB16}.Release_HYDRA_DIAGS|VisualGDB.Build.0 = Release_HYDRA_DIAGS|VisualGDB
		{904C92E1-5B0F-487D-828E-943BCF1EBB16}.Release|VisualGDB.ActiveCfg = Release|VisualGDB
		{904C92E1-5B0F-487D-828E-943BCF1EBB16}.Release|VisualGDB.Build.0 = Release|VisualGDB
		{904C92E1-5B0F-487D-828E-943BCF1EBB16}.X10|VisualGDB.ActiveCfg = X10|VisualGDB
		{904C92E1-5B0F-487D-828E-943BCF1EBB16}.X10|VisualGDB.Build.0 = X10|VisualGDB
	EndGlobalSection
	GlobalSection(SolutionProperties) = preSolution
		HideSolutionNode = FALSE
	EndGlobalSection
	GlobalSection(ExtensibilityGlobals) = postSolution
		SolutionGuid = {80A6B3E0-94C7-4A40-87F9-DC75E294AF3D}
	EndGlobalSection
EndGlobal
